// !$*UTF8*$!
{
	archiveVersion = 1;
	classes = {
	};
	objectVersion = 50;
	objects = {

/* Begin PBXBuildFile section */
		2525BC1122EA39DA008FDF96 /* AutocompleteTableViewCell.m in Sources */ = {isa = PBXBuildFile; fileRef = 2525BC1022EA39DA008FDF96 /* AutocompleteTableViewCell.m */; };
		2525BC1422EFBE7B008FDF96 /* MapViewController.m in Sources */ = {isa = PBXBuildFile; fileRef = 2525BC1322EFBE7B008FDF96 /* MapViewController.m */; };
		257D2D8022DE842A00694AC0 /* PlacesToVisitTableViewCell.m in Sources */ = {isa = PBXBuildFile; fileRef = 257D2D7F22DE842A00694AC0 /* PlacesToVisitTableViewCell.m */; };
		257D2D8F22DFCF1100694AC0 /* HomeCollectionViewController.m in Sources */ = {isa = PBXBuildFile; fileRef = 257D2D8E22DFCF1100694AC0 /* HomeCollectionViewController.m */; };
		257D2D9222DFD4EA00694AC0 /* FirstScreenViewController.m in Sources */ = {isa = PBXBuildFile; fileRef = 257D2D9122DFD4EA00694AC0 /* FirstScreenViewController.m */; };
		257D2D9B22E67FE600694AC0 /* SlideMenuTableViewCell.m in Sources */ = {isa = PBXBuildFile; fileRef = 257D2D9A22E67FE600694AC0 /* SlideMenuTableViewCell.m */; };
		257D2D9E22E6810A00694AC0 /* SlideMenuUIView.m in Sources */ = {isa = PBXBuildFile; fileRef = 257D2D9D22E6810A00694AC0 /* SlideMenuUIView.m */; };
		25A2EB2222F1139D004682E9 /* GoogleService-Info.plist in Resources */ = {isa = PBXBuildFile; fileRef = 25A2EB2122F1139D004682E9 /* GoogleService-Info.plist */; };
		25A2EB2322F21ACF004682E9 /* BDBOAuth1SessionManager+SFAuthenticationSession.m in Sources */ = {isa = PBXBuildFile; fileRef = C06B581722DE326A00631EF6 /* BDBOAuth1SessionManager+SFAuthenticationSession.m */; };
		7105E06422EB956C00070DDC /* InfiniteScrollActivityView.m in Sources */ = {isa = PBXBuildFile; fileRef = 7105E06322EB956C00070DDC /* InfiniteScrollActivityView.m */; };
		7105E0B422ECA5FA00070DDC /* CommentsCell.m in Sources */ = {isa = PBXBuildFile; fileRef = 7105E0B322ECA5FA00070DDC /* CommentsCell.m */; };
		7115099B22DE923E00256219 /* APITesting.m in Sources */ = {isa = PBXBuildFile; fileRef = 7115099A22DE923E00256219 /* APITesting.m */; };
		7115099E22DEA0C900256219 /* DetailsViewController.m in Sources */ = {isa = PBXBuildFile; fileRef = 7115099D22DEA0C900256219 /* DetailsViewController.m */; };
		711509A122DEA5E300256219 /* Place.m in Sources */ = {isa = PBXBuildFile; fileRef = 711509A022DEA5E300256219 /* Place.m */; };
		71258F0722DF867B00B0CEA0 /* placeObjectTesting.m in Sources */ = {isa = PBXBuildFile; fileRef = 71258F0622DF867B00B0CEA0 /* placeObjectTesting.m */; };
		71258F0F22E124AA00B0CEA0 /* NSArray+Map.m in Sources */ = {isa = PBXBuildFile; fileRef = 71258F0E22E124AA00B0CEA0 /* NSArray+Map.m */; };
		71258F1322E25DFA00B0CEA0 /* Schedule.m in Sources */ = {isa = PBXBuildFile; fileRef = 71258F1222E25DFA00B0CEA0 /* Schedule.m */; };
		71258F1622E396FF00B0CEA0 /* Commute.m in Sources */ = {isa = PBXBuildFile; fileRef = 71258F1522E396FF00B0CEA0 /* Commute.m */; };
		71258F1922E3A47C00B0CEA0 /* Step.m in Sources */ = {isa = PBXBuildFile; fileRef = 71258F1822E3A47C00B0CEA0 /* Step.m */; };
		71258F1C22E6260800B0CEA0 /* Date.m in Sources */ = {isa = PBXBuildFile; fileRef = 71258F1B22E6260800B0CEA0 /* Date.m */; };
		7194AA0B22E9287500949669 /* MDProgressHUD.m in Sources */ = {isa = PBXBuildFile; fileRef = 7194AA0A22E9287500949669 /* MDProgressHUD.m */; };
		7194AA1122E9353A00949669 /* PlacesToVisitCollectionView.m in Sources */ = {isa = PBXBuildFile; fileRef = 7194AA1022E9353A00949669 /* PlacesToVisitCollectionView.m */; };
		7194AA1322EA01B600949669 /* random_50fpsgif.gif in Resources */ = {isa = PBXBuildFile; fileRef = 7194AA1222EA01B600949669 /* random_50fpsgif.gif */; };
		7194AA1522EA0A6A00949669 /* sickLhama.gif in Resources */ = {isa = PBXBuildFile; fileRef = 7194AA1422EA0A6A00949669 /* sickLhama.gif */; };
		7194AA1722EA0A7500949669 /* partyLhama.gif in Resources */ = {isa = PBXBuildFile; fileRef = 7194AA1622EA0A7500949669 /* partyLhama.gif */; };
		7194AA1922EA0A8000949669 /* happyLhama.gif in Resources */ = {isa = PBXBuildFile; fileRef = 7194AA1822EA0A8000949669 /* happyLhama.gif */; };
		C027E49422EF63D700583555 /* Gotham-Bold.otf in Resources */ = {isa = PBXBuildFile; fileRef = C027E48B22EF63D700583555 /* Gotham-Bold.otf */; };
		C027E49522EF63D700583555 /* Gotham-XLight.otf in Resources */ = {isa = PBXBuildFile; fileRef = C027E48C22EF63D700583555 /* Gotham-XLight.otf */; };
		C027E49622EF63D700583555 /* Gotham-Thin.otf in Resources */ = {isa = PBXBuildFile; fileRef = C027E48D22EF63D700583555 /* Gotham-Thin.otf */; };
		C027E49722EF63D700583555 /* Gotham-XLightItalic.otf in Resources */ = {isa = PBXBuildFile; fileRef = C027E48E22EF63D700583555 /* Gotham-XLightItalic.otf */; };
		C027E49822EF63D700583555 /* Gotham-Light.otf in Resources */ = {isa = PBXBuildFile; fileRef = C027E48F22EF63D700583555 /* Gotham-Light.otf */; };
		C027E49922EF63D700583555 /* Gotham-UltraItalic.otf in Resources */ = {isa = PBXBuildFile; fileRef = C027E49022EF63D700583555 /* Gotham-UltraItalic.otf */; };
		C027E49A22EF63D700583555 /* Gotham-ThinItalic.otf in Resources */ = {isa = PBXBuildFile; fileRef = C027E49122EF63D700583555 /* Gotham-ThinItalic.otf */; };
		C027E49B22EF63D700583555 /* Gotham-BookItalic.otf in Resources */ = {isa = PBXBuildFile; fileRef = C027E49222EF63D700583555 /* Gotham-BookItalic.otf */; };
		C027E49C22EF63D700583555 /* Gotham-Black.otf in Resources */ = {isa = PBXBuildFile; fileRef = C027E49322EF63D700583555 /* Gotham-Black.otf */; };
		C03595F022E036C100D883A4 /* TravelSchedulerHelper.m in Sources */ = {isa = PBXBuildFile; fileRef = C03595EF22E036C100D883A4 /* TravelSchedulerHelper.m */; };
		C03595F322E0D6E300D883A4 /* ScheduleViewController.m in Sources */ = {isa = PBXBuildFile; fileRef = C03595F222E0D6E300D883A4 /* ScheduleViewController.m */; };
		C041D29222ED04070038CA18 /* MoveCircleView.m in Sources */ = {isa = PBXBuildFile; fileRef = C041D29122ED04070038CA18 /* MoveCircleView.m */; };
		C041D29522ED09980038CA18 /* EditPlaceViewController.m in Sources */ = {isa = PBXBuildFile; fileRef = C041D29422ED09980038CA18 /* EditPlaceViewController.m */; };
		C041D29822ED09C50038CA18 /* EditCell.m in Sources */ = {isa = PBXBuildFile; fileRef = C041D29722ED09C50038CA18 /* EditCell.m */; };
		C06B57DB22DD019C00631EF6 /* AppDelegate.m in Sources */ = {isa = PBXBuildFile; fileRef = C06B57DA22DD019C00631EF6 /* AppDelegate.m */; };
		C06B57E322DD019C00631EF6 /* Assets.xcassets in Resources */ = {isa = PBXBuildFile; fileRef = C06B57E222DD019C00631EF6 /* Assets.xcassets */; };
		C06B57E922DD019C00631EF6 /* main.m in Sources */ = {isa = PBXBuildFile; fileRef = C06B57E822DD019C00631EF6 /* main.m */; };
		C06B57F322DD019D00631EF6 /* Travel_SchedulerTests.m in Sources */ = {isa = PBXBuildFile; fileRef = C06B57F222DD019D00631EF6 /* Travel_SchedulerTests.m */; };
		C06B57FE22DD019D00631EF6 /* Travel_SchedulerUITests.m in Sources */ = {isa = PBXBuildFile; fileRef = C06B57FD22DD019D00631EF6 /* Travel_SchedulerUITests.m */; };
		C06B581622DE30C500631EF6 /* APIManager.m in Sources */ = {isa = PBXBuildFile; fileRef = C06B581522DE30C500631EF6 /* APIManager.m */; };
		C06B582222DE7C2500631EF6 /* MoreOptionViewController.m in Sources */ = {isa = PBXBuildFile; fileRef = C06B582122DE7C2500631EF6 /* MoreOptionViewController.m */; };
		C06B582522DE7EA800631EF6 /* AttractionCollectionCell.m in Sources */ = {isa = PBXBuildFile; fileRef = C06B582422DE7EA800631EF6 /* AttractionCollectionCell.m */; };
		C08AA6C922E1272500072042 /* DateCell.m in Sources */ = {isa = PBXBuildFile; fileRef = C08AA6C822E1272500072042 /* DateCell.m */; };
		C0A86D6222DF940800FAFAD1 /* DetailHeaderCell.m in Sources */ = {isa = PBXBuildFile; fileRef = C0A86D6122DF940800FAFAD1 /* DetailHeaderCell.m */; };
		C0BBF31D22E78FEE00EE14D2 /* PlaceView.m in Sources */ = {isa = PBXBuildFile; fileRef = C0BBF31C22E78FEE00EE14D2 /* PlaceView.m */; };
/* End PBXBuildFile section */

/* Begin PBXContainerItemProxy section */
		C06B57EF22DD019C00631EF6 /* PBXContainerItemProxy */ = {
			isa = PBXContainerItemProxy;
			containerPortal = C06B57CE22DD019C00631EF6 /* Project object */;
			proxyType = 1;
			remoteGlobalIDString = C06B57D522DD019C00631EF6;
			remoteInfo = "Travel Scheduler";
		};
		C06B57FA22DD019D00631EF6 /* PBXContainerItemProxy */ = {
			isa = PBXContainerItemProxy;
			containerPortal = C06B57CE22DD019C00631EF6 /* Project object */;
			proxyType = 1;
			remoteGlobalIDString = C06B57D522DD019C00631EF6;
			remoteInfo = "Travel Scheduler";
		};
/* End PBXContainerItemProxy section */

/* Begin PBXFileReference section */
		2525BC0F22EA39DA008FDF96 /* AutocompleteTableViewCell.h */ = {isa = PBXFileReference; lastKnownFileType = sourcecode.c.h; path = AutocompleteTableViewCell.h; sourceTree = "<group>"; };
		2525BC1022EA39DA008FDF96 /* AutocompleteTableViewCell.m */ = {isa = PBXFileReference; lastKnownFileType = sourcecode.c.objc; path = AutocompleteTableViewCell.m; sourceTree = "<group>"; };
		2525BC1222EFBE7B008FDF96 /* MapViewController.h */ = {isa = PBXFileReference; lastKnownFileType = sourcecode.c.h; path = MapViewController.h; sourceTree = "<group>"; };
		2525BC1322EFBE7B008FDF96 /* MapViewController.m */ = {isa = PBXFileReference; lastKnownFileType = sourcecode.c.objc; path = MapViewController.m; sourceTree = "<group>"; };
		2525BC1522EFCE35008FDF96 /* mapbox-ios-sdk-5.2.0-dynamic */ = {isa = PBXFileReference; lastKnownFileType = folder; path = "mapbox-ios-sdk-5.2.0-dynamic"; sourceTree = "<group>"; };
		257D2D7E22DE842A00694AC0 /* PlacesToVisitTableViewCell.h */ = {isa = PBXFileReference; lastKnownFileType = sourcecode.c.h; path = PlacesToVisitTableViewCell.h; sourceTree = "<group>"; };
		257D2D7F22DE842A00694AC0 /* PlacesToVisitTableViewCell.m */ = {isa = PBXFileReference; lastKnownFileType = sourcecode.c.objc; path = PlacesToVisitTableViewCell.m; sourceTree = "<group>"; };
		257D2D8D22DFCF1100694AC0 /* HomeCollectionViewController.h */ = {isa = PBXFileReference; lastKnownFileType = sourcecode.c.h; path = HomeCollectionViewController.h; sourceTree = "<group>"; };
		257D2D8E22DFCF1100694AC0 /* HomeCollectionViewController.m */ = {isa = PBXFileReference; lastKnownFileType = sourcecode.c.objc; path = HomeCollectionViewController.m; sourceTree = "<group>"; };
		257D2D9022DFD4EA00694AC0 /* FirstScreenViewController.h */ = {isa = PBXFileReference; lastKnownFileType = sourcecode.c.h; path = FirstScreenViewController.h; sourceTree = "<group>"; };
		257D2D9122DFD4EA00694AC0 /* FirstScreenViewController.m */ = {isa = PBXFileReference; lastKnownFileType = sourcecode.c.objc; path = FirstScreenViewController.m; sourceTree = "<group>"; };
		257D2D9922E67FE600694AC0 /* SlideMenuTableViewCell.h */ = {isa = PBXFileReference; lastKnownFileType = sourcecode.c.h; path = SlideMenuTableViewCell.h; sourceTree = "<group>"; };
		257D2D9A22E67FE600694AC0 /* SlideMenuTableViewCell.m */ = {isa = PBXFileReference; lastKnownFileType = sourcecode.c.objc; path = SlideMenuTableViewCell.m; sourceTree = "<group>"; };
		257D2D9C22E6810A00694AC0 /* SlideMenuUIView.h */ = {isa = PBXFileReference; lastKnownFileType = sourcecode.c.h; path = SlideMenuUIView.h; sourceTree = "<group>"; };
		257D2D9D22E6810A00694AC0 /* SlideMenuUIView.m */ = {isa = PBXFileReference; lastKnownFileType = sourcecode.c.objc; path = SlideMenuUIView.m; sourceTree = "<group>"; };
		25A2EB2122F1139D004682E9 /* GoogleService-Info.plist */ = {isa = PBXFileReference; fileEncoding = 4; lastKnownFileType = text.plist.xml; path = "GoogleService-Info.plist"; sourceTree = "<group>"; };
		7105E06222EB956C00070DDC /* InfiniteScrollActivityView.h */ = {isa = PBXFileReference; lastKnownFileType = sourcecode.c.h; name = InfiniteScrollActivityView.h; path = "Travel Scheduler/Helper Files/InfiniteScrollActivityView.h"; sourceTree = SOURCE_ROOT; };
		7105E06322EB956C00070DDC /* InfiniteScrollActivityView.m */ = {isa = PBXFileReference; lastKnownFileType = sourcecode.c.objc; name = InfiniteScrollActivityView.m; path = "Travel Scheduler/Helper Files/InfiniteScrollActivityView.m"; sourceTree = SOURCE_ROOT; };
		7105E0B222ECA5FA00070DDC /* CommentsCell.h */ = {isa = PBXFileReference; lastKnownFileType = sourcecode.c.h; path = CommentsCell.h; sourceTree = "<group>"; };
		7105E0B322ECA5FA00070DDC /* CommentsCell.m */ = {isa = PBXFileReference; lastKnownFileType = sourcecode.c.objc; path = CommentsCell.m; sourceTree = "<group>"; };
		7115099922DE923E00256219 /* APITesting.h */ = {isa = PBXFileReference; lastKnownFileType = sourcecode.c.h; path = APITesting.h; sourceTree = "<group>"; };
		7115099A22DE923E00256219 /* APITesting.m */ = {isa = PBXFileReference; lastKnownFileType = sourcecode.c.objc; path = APITesting.m; sourceTree = "<group>"; };
		7115099C22DEA0C900256219 /* DetailsViewController.h */ = {isa = PBXFileReference; lastKnownFileType = sourcecode.c.h; path = DetailsViewController.h; sourceTree = "<group>"; };
		7115099D22DEA0C900256219 /* DetailsViewController.m */ = {isa = PBXFileReference; lastKnownFileType = sourcecode.c.objc; path = DetailsViewController.m; sourceTree = "<group>"; };
		7115099F22DEA5E300256219 /* Place.h */ = {isa = PBXFileReference; lastKnownFileType = sourcecode.c.h; name = Place.h; path = "Travel Scheduler/View Controllers/Place.h"; sourceTree = SOURCE_ROOT; };
		711509A022DEA5E300256219 /* Place.m */ = {isa = PBXFileReference; lastKnownFileType = sourcecode.c.objc; name = Place.m; path = "Travel Scheduler/View Controllers/Place.m"; sourceTree = SOURCE_ROOT; };
		71258F0522DF867B00B0CEA0 /* placeObjectTesting.h */ = {isa = PBXFileReference; lastKnownFileType = sourcecode.c.h; path = placeObjectTesting.h; sourceTree = "<group>"; };
		71258F0622DF867B00B0CEA0 /* placeObjectTesting.m */ = {isa = PBXFileReference; lastKnownFileType = sourcecode.c.objc; path = placeObjectTesting.m; sourceTree = "<group>"; };
		71258F0E22E124AA00B0CEA0 /* NSArray+Map.m */ = {isa = PBXFileReference; lastKnownFileType = sourcecode.c.objc; name = "NSArray+Map.m"; path = "Travel Scheduler/Helper Files/NSArray+Map.m"; sourceTree = SOURCE_ROOT; };
		71258F1022E124D700B0CEA0 /* NSArray+Map.h */ = {isa = PBXFileReference; lastKnownFileType = sourcecode.c.h; name = "NSArray+Map.h"; path = "Travel Scheduler/Helper Files/NSArray+Map.h"; sourceTree = SOURCE_ROOT; };
		71258F1122E25DFA00B0CEA0 /* Schedule.h */ = {isa = PBXFileReference; lastKnownFileType = sourcecode.c.h; name = Schedule.h; path = "Travel Scheduler/Test/Schedule.h"; sourceTree = SOURCE_ROOT; };
		71258F1222E25DFA00B0CEA0 /* Schedule.m */ = {isa = PBXFileReference; lastKnownFileType = sourcecode.c.objc; name = Schedule.m; path = "Travel Scheduler/Test/Schedule.m"; sourceTree = SOURCE_ROOT; };
		71258F1422E396FF00B0CEA0 /* Commute.h */ = {isa = PBXFileReference; lastKnownFileType = sourcecode.c.h; name = Commute.h; path = "Travel Scheduler/Test/Commute.h"; sourceTree = SOURCE_ROOT; };
		71258F1522E396FF00B0CEA0 /* Commute.m */ = {isa = PBXFileReference; lastKnownFileType = sourcecode.c.objc; name = Commute.m; path = "Travel Scheduler/Test/Commute.m"; sourceTree = SOURCE_ROOT; };
		71258F1722E3A47C00B0CEA0 /* Step.h */ = {isa = PBXFileReference; lastKnownFileType = sourcecode.c.h; name = Step.h; path = "Travel Scheduler/Test/Step.h"; sourceTree = SOURCE_ROOT; };
		71258F1822E3A47C00B0CEA0 /* Step.m */ = {isa = PBXFileReference; lastKnownFileType = sourcecode.c.objc; name = Step.m; path = "Travel Scheduler/Test/Step.m"; sourceTree = SOURCE_ROOT; };
		71258F1B22E6260800B0CEA0 /* Date.m */ = {isa = PBXFileReference; lastKnownFileType = sourcecode.c.objc; path = Date.m; sourceTree = "<group>"; };
		71258F1D22E6261800B0CEA0 /* Date.h */ = {isa = PBXFileReference; lastKnownFileType = sourcecode.c.h; path = Date.h; sourceTree = "<group>"; };
		7194AA0922E9284400949669 /* MBProgressHUD.h */ = {isa = PBXFileReference; lastKnownFileType = sourcecode.c.h; name = MBProgressHUD.h; path = "Travel Scheduler/Helper Files/MBProgressHUD.h"; sourceTree = SOURCE_ROOT; };
		7194AA0A22E9287500949669 /* MDProgressHUD.m */ = {isa = PBXFileReference; lastKnownFileType = sourcecode.c.objc; name = MDProgressHUD.m; path = "Travel Scheduler/Helper Files/MDProgressHUD.m"; sourceTree = SOURCE_ROOT; };
		7194AA0F22E9353A00949669 /* PlacesToVisitCollectionView.h */ = {isa = PBXFileReference; lastKnownFileType = sourcecode.c.h; name = PlacesToVisitCollectionView.h; path = "Travel Scheduler/Helper Files/PlacesToVisitCollectionView.h"; sourceTree = SOURCE_ROOT; };
		7194AA1022E9353A00949669 /* PlacesToVisitCollectionView.m */ = {isa = PBXFileReference; lastKnownFileType = sourcecode.c.objc; name = PlacesToVisitCollectionView.m; path = "Travel Scheduler/Helper Files/PlacesToVisitCollectionView.m"; sourceTree = SOURCE_ROOT; };
		7194AA1222EA01B600949669 /* random_50fpsgif.gif */ = {isa = PBXFileReference; lastKnownFileType = image.gif; name = random_50fpsgif.gif; path = ../../../Downloads/random_50fpsgif.gif; sourceTree = "<group>"; };
		7194AA1422EA0A6A00949669 /* sickLhama.gif */ = {isa = PBXFileReference; lastKnownFileType = image.gif; name = sickLhama.gif; path = ../../../Downloads/sickLhama.gif; sourceTree = "<group>"; };
		7194AA1622EA0A7500949669 /* partyLhama.gif */ = {isa = PBXFileReference; lastKnownFileType = image.gif; name = partyLhama.gif; path = ../../../Downloads/partyLhama.gif; sourceTree = "<group>"; };
		7194AA1822EA0A8000949669 /* happyLhama.gif */ = {isa = PBXFileReference; lastKnownFileType = image.gif; name = happyLhama.gif; path = ../../../Downloads/happyLhama.gif; sourceTree = "<group>"; };
		C027E48B22EF63D700583555 /* Gotham-Bold.otf */ = {isa = PBXFileReference; lastKnownFileType = file; name = "Gotham-Bold.otf"; path = "../Gotham-Font/Gotham-Bold.otf"; sourceTree = "<group>"; };
		C027E48C22EF63D700583555 /* Gotham-XLight.otf */ = {isa = PBXFileReference; lastKnownFileType = file; name = "Gotham-XLight.otf"; path = "../Gotham-Font/Gotham-XLight.otf"; sourceTree = "<group>"; };
		C027E48D22EF63D700583555 /* Gotham-Thin.otf */ = {isa = PBXFileReference; lastKnownFileType = file; name = "Gotham-Thin.otf"; path = "../Gotham-Font/Gotham-Thin.otf"; sourceTree = "<group>"; };
		C027E48E22EF63D700583555 /* Gotham-XLightItalic.otf */ = {isa = PBXFileReference; lastKnownFileType = file; name = "Gotham-XLightItalic.otf"; path = "../Gotham-Font/Gotham-XLightItalic.otf"; sourceTree = "<group>"; };
		C027E48F22EF63D700583555 /* Gotham-Light.otf */ = {isa = PBXFileReference; lastKnownFileType = file; name = "Gotham-Light.otf"; path = "../Gotham-Font/Gotham-Light.otf"; sourceTree = "<group>"; };
		C027E49022EF63D700583555 /* Gotham-UltraItalic.otf */ = {isa = PBXFileReference; lastKnownFileType = file; name = "Gotham-UltraItalic.otf"; path = "../Gotham-Font/Gotham-UltraItalic.otf"; sourceTree = "<group>"; };
		C027E49122EF63D700583555 /* Gotham-ThinItalic.otf */ = {isa = PBXFileReference; lastKnownFileType = file; name = "Gotham-ThinItalic.otf"; path = "../Gotham-Font/Gotham-ThinItalic.otf"; sourceTree = "<group>"; };
		C027E49222EF63D700583555 /* Gotham-BookItalic.otf */ = {isa = PBXFileReference; lastKnownFileType = file; name = "Gotham-BookItalic.otf"; path = "../Gotham-Font/Gotham-BookItalic.otf"; sourceTree = "<group>"; };
		C027E49322EF63D700583555 /* Gotham-Black.otf */ = {isa = PBXFileReference; lastKnownFileType = file; name = "Gotham-Black.otf"; path = "../Gotham-Font/Gotham-Black.otf"; sourceTree = "<group>"; };
		C03595EE22E036C100D883A4 /* TravelSchedulerHelper.h */ = {isa = PBXFileReference; lastKnownFileType = sourcecode.c.h; path = TravelSchedulerHelper.h; sourceTree = "<group>"; };
		C03595EF22E036C100D883A4 /* TravelSchedulerHelper.m */ = {isa = PBXFileReference; lastKnownFileType = sourcecode.c.objc; path = TravelSchedulerHelper.m; sourceTree = "<group>"; };
		C03595F122E0D6E300D883A4 /* ScheduleViewController.h */ = {isa = PBXFileReference; lastKnownFileType = sourcecode.c.h; path = ScheduleViewController.h; sourceTree = "<group>"; };
		C03595F222E0D6E300D883A4 /* ScheduleViewController.m */ = {isa = PBXFileReference; lastKnownFileType = sourcecode.c.objc; path = ScheduleViewController.m; sourceTree = "<group>"; };
		C041D29022ED04070038CA18 /* MoveCircleView.h */ = {isa = PBXFileReference; lastKnownFileType = sourcecode.c.h; path = MoveCircleView.h; sourceTree = "<group>"; };
		C041D29122ED04070038CA18 /* MoveCircleView.m */ = {isa = PBXFileReference; lastKnownFileType = sourcecode.c.objc; path = MoveCircleView.m; sourceTree = "<group>"; };
		C041D29322ED09980038CA18 /* EditPlaceViewController.h */ = {isa = PBXFileReference; lastKnownFileType = sourcecode.c.h; path = EditPlaceViewController.h; sourceTree = "<group>"; };
		C041D29422ED09980038CA18 /* EditPlaceViewController.m */ = {isa = PBXFileReference; lastKnownFileType = sourcecode.c.objc; path = EditPlaceViewController.m; sourceTree = "<group>"; };
		C041D29622ED09C50038CA18 /* EditCell.h */ = {isa = PBXFileReference; lastKnownFileType = sourcecode.c.h; path = EditCell.h; sourceTree = "<group>"; };
		C041D29722ED09C50038CA18 /* EditCell.m */ = {isa = PBXFileReference; lastKnownFileType = sourcecode.c.objc; path = EditCell.m; sourceTree = "<group>"; };
		C06B57D622DD019C00631EF6 /* Travel Scheduler.app */ = {isa = PBXFileReference; explicitFileType = wrapper.application; includeInIndex = 0; path = "Travel Scheduler.app"; sourceTree = BUILT_PRODUCTS_DIR; };
		C06B57D922DD019C00631EF6 /* AppDelegate.h */ = {isa = PBXFileReference; lastKnownFileType = sourcecode.c.h; path = AppDelegate.h; sourceTree = "<group>"; };
		C06B57DA22DD019C00631EF6 /* AppDelegate.m */ = {isa = PBXFileReference; lastKnownFileType = sourcecode.c.objc; path = AppDelegate.m; sourceTree = "<group>"; };
		C06B57E222DD019C00631EF6 /* Assets.xcassets */ = {isa = PBXFileReference; lastKnownFileType = folder.assetcatalog; path = Assets.xcassets; sourceTree = "<group>"; };
		C06B57E722DD019C00631EF6 /* Info.plist */ = {isa = PBXFileReference; lastKnownFileType = text.plist.xml; path = Info.plist; sourceTree = "<group>"; };
		C06B57E822DD019C00631EF6 /* main.m */ = {isa = PBXFileReference; lastKnownFileType = sourcecode.c.objc; path = main.m; sourceTree = "<group>"; };
		C06B57EE22DD019C00631EF6 /* Travel SchedulerTests.xctest */ = {isa = PBXFileReference; explicitFileType = wrapper.cfbundle; includeInIndex = 0; path = "Travel SchedulerTests.xctest"; sourceTree = BUILT_PRODUCTS_DIR; };
		C06B57F222DD019D00631EF6 /* Travel_SchedulerTests.m */ = {isa = PBXFileReference; lastKnownFileType = sourcecode.c.objc; path = Travel_SchedulerTests.m; sourceTree = "<group>"; };
		C06B57F422DD019D00631EF6 /* Info.plist */ = {isa = PBXFileReference; lastKnownFileType = text.plist.xml; path = Info.plist; sourceTree = "<group>"; };
		C06B57F922DD019D00631EF6 /* Travel SchedulerUITests.xctest */ = {isa = PBXFileReference; explicitFileType = wrapper.cfbundle; includeInIndex = 0; path = "Travel SchedulerUITests.xctest"; sourceTree = BUILT_PRODUCTS_DIR; };
		C06B57FD22DD019D00631EF6 /* Travel_SchedulerUITests.m */ = {isa = PBXFileReference; lastKnownFileType = sourcecode.c.objc; path = Travel_SchedulerUITests.m; sourceTree = "<group>"; };
		C06B57FF22DD019D00631EF6 /* Info.plist */ = {isa = PBXFileReference; lastKnownFileType = text.plist.xml; path = Info.plist; sourceTree = "<group>"; };
		C06B581422DE30C500631EF6 /* APIManager.h */ = {isa = PBXFileReference; lastKnownFileType = sourcecode.c.h; path = APIManager.h; sourceTree = "<group>"; };
		C06B581522DE30C500631EF6 /* APIManager.m */ = {isa = PBXFileReference; lastKnownFileType = sourcecode.c.objc; path = APIManager.m; sourceTree = "<group>"; };
		C06B581722DE326A00631EF6 /* BDBOAuth1SessionManager+SFAuthenticationSession.m */ = {isa = PBXFileReference; lastKnownFileType = sourcecode.c.objc; path = "BDBOAuth1SessionManager+SFAuthenticationSession.m"; sourceTree = "<group>"; };
		C06B581922DE329A00631EF6 /* BDBOAuth1SessionManager+SFAuthenticationSession.h */ = {isa = PBXFileReference; lastKnownFileType = sourcecode.c.h; path = "BDBOAuth1SessionManager+SFAuthenticationSession.h"; sourceTree = "<group>"; };
		C06B582022DE7C2500631EF6 /* MoreOptionViewController.h */ = {isa = PBXFileReference; lastKnownFileType = sourcecode.c.h; path = MoreOptionViewController.h; sourceTree = "<group>"; };
		C06B582122DE7C2500631EF6 /* MoreOptionViewController.m */ = {isa = PBXFileReference; lastKnownFileType = sourcecode.c.objc; path = MoreOptionViewController.m; sourceTree = "<group>"; };
		C06B582322DE7EA800631EF6 /* AttractionCollectionCell.h */ = {isa = PBXFileReference; lastKnownFileType = sourcecode.c.h; path = AttractionCollectionCell.h; sourceTree = "<group>"; };
		C06B582422DE7EA800631EF6 /* AttractionCollectionCell.m */ = {isa = PBXFileReference; lastKnownFileType = sourcecode.c.objc; path = AttractionCollectionCell.m; sourceTree = "<group>"; };
		C08AA6C722E1272500072042 /* DateCell.h */ = {isa = PBXFileReference; lastKnownFileType = sourcecode.c.h; path = DateCell.h; sourceTree = "<group>"; };
		C08AA6C822E1272500072042 /* DateCell.m */ = {isa = PBXFileReference; lastKnownFileType = sourcecode.c.objc; path = DateCell.m; sourceTree = "<group>"; };
		C0A86D6022DF940800FAFAD1 /* DetailHeaderCell.h */ = {isa = PBXFileReference; lastKnownFileType = sourcecode.c.h; path = DetailHeaderCell.h; sourceTree = "<group>"; };
		C0A86D6122DF940800FAFAD1 /* DetailHeaderCell.m */ = {isa = PBXFileReference; lastKnownFileType = sourcecode.c.objc; path = DetailHeaderCell.m; sourceTree = "<group>"; };
		C0BBF31B22E78FEE00EE14D2 /* PlaceView.h */ = {isa = PBXFileReference; lastKnownFileType = sourcecode.c.h; path = PlaceView.h; sourceTree = "<group>"; };
		C0BBF31C22E78FEE00EE14D2 /* PlaceView.m */ = {isa = PBXFileReference; lastKnownFileType = sourcecode.c.objc; path = PlaceView.m; sourceTree = "<group>"; };
/* End PBXFileReference section */

/* Begin PBXFrameworksBuildPhase section */
		C06B57D322DD019C00631EF6 /* Frameworks */ = {
			isa = PBXFrameworksBuildPhase;
			buildActionMask = 2147483647;
			files = (
			);
			runOnlyForDeploymentPostprocessing = 0;
		};
		C06B57EB22DD019C00631EF6 /* Frameworks */ = {
			isa = PBXFrameworksBuildPhase;
			buildActionMask = 2147483647;
			files = (
			);
			runOnlyForDeploymentPostprocessing = 0;
		};
		C06B57F622DD019D00631EF6 /* Frameworks */ = {
			isa = PBXFrameworksBuildPhase;
			buildActionMask = 2147483647;
			files = (
			);
			runOnlyForDeploymentPostprocessing = 0;
		};
/* End PBXFrameworksBuildPhase section */

/* Begin PBXGroup section */
		7105E06722EBEA9600070DDC /* Fonts */ = {
			isa = PBXGroup;
			children = (
				C027E49322EF63D700583555 /* Gotham-Black.otf */,
				C027E48B22EF63D700583555 /* Gotham-Bold.otf */,
				C027E49222EF63D700583555 /* Gotham-BookItalic.otf */,
				C027E48F22EF63D700583555 /* Gotham-Light.otf */,
				C027E48D22EF63D700583555 /* Gotham-Thin.otf */,
				C027E49122EF63D700583555 /* Gotham-ThinItalic.otf */,
				C027E49022EF63D700583555 /* Gotham-UltraItalic.otf */,
				C027E48C22EF63D700583555 /* Gotham-XLight.otf */,
				C027E48E22EF63D700583555 /* Gotham-XLightItalic.otf */,
			);
			path = Fonts;
			sourceTree = "<group>";
		};
		7115099822DE921D00256219 /* Test */ = {
			isa = PBXGroup;
			children = (
				71258F0522DF867B00B0CEA0 /* placeObjectTesting.h */,
				71258F0622DF867B00B0CEA0 /* placeObjectTesting.m */,
				7115099922DE923E00256219 /* APITesting.h */,
				7115099A22DE923E00256219 /* APITesting.m */,
			);
			path = Test;
			sourceTree = "<group>";
		};
		71258F1A22E625CA00B0CEA0 /* Helper Files */ = {
			isa = PBXGroup;
			children = (
				C03595EE22E036C100D883A4 /* TravelSchedulerHelper.h */,
				C03595EF22E036C100D883A4 /* TravelSchedulerHelper.m */,
				C06B581722DE326A00631EF6 /* BDBOAuth1SessionManager+SFAuthenticationSession.m */,
				C06B581922DE329A00631EF6 /* BDBOAuth1SessionManager+SFAuthenticationSession.h */,
				C06B581422DE30C500631EF6 /* APIManager.h */,
				C06B581522DE30C500631EF6 /* APIManager.m */,
				71258F0E22E124AA00B0CEA0 /* NSArray+Map.m */,
				71258F1022E124D700B0CEA0 /* NSArray+Map.h */,
				71258F1B22E6260800B0CEA0 /* Date.m */,
				71258F1D22E6261800B0CEA0 /* Date.h */,
			);
			path = "Helper Files";
			sourceTree = "<group>";
		};
		9280EE3A53733E990026D5DD /* Pods */ = {
			isa = PBXGroup;
			children = (
			);
			path = Pods;
			sourceTree = "<group>";
		};
		C06B57CD22DD019C00631EF6 = {
			isa = PBXGroup;
			children = (
				C06B57D822DD019C00631EF6 /* Travel Scheduler */,
				C06B57F122DD019C00631EF6 /* Travel SchedulerTests */,
				C06B57FC22DD019D00631EF6 /* Travel SchedulerUITests */,
				C06B57D722DD019C00631EF6 /* Products */,
				9280EE3A53733E990026D5DD /* Pods */,
			);
			sourceTree = "<group>";
		};
		C06B57D722DD019C00631EF6 /* Products */ = {
			isa = PBXGroup;
			children = (
				C06B57D622DD019C00631EF6 /* Travel Scheduler.app */,
				C06B57EE22DD019C00631EF6 /* Travel SchedulerTests.xctest */,
				C06B57F922DD019D00631EF6 /* Travel SchedulerUITests.xctest */,
			);
			name = Products;
			sourceTree = "<group>";
		};
		C06B57D822DD019C00631EF6 /* Travel Scheduler */ = {
			isa = PBXGroup;
			children = (
				2525BC1522EFCE35008FDF96 /* mapbox-ios-sdk-5.2.0-dynamic */,
				7105E06722EBEA9600070DDC /* Fonts */,
				71258F1A22E625CA00B0CEA0 /* Helper Files */,
				7115099822DE921D00256219 /* Test */,
				C06B581C22DE6F1C00631EF6 /* Models */,
				C06B581B22DE6F1500631EF6 /* Views */,
				C06B581A22DE6F0B00631EF6 /* View Controllers */,
				C06B57D922DD019C00631EF6 /* AppDelegate.h */,
				C06B57DA22DD019C00631EF6 /* AppDelegate.m */,
				C06B57E222DD019C00631EF6 /* Assets.xcassets */,
				C06B57E722DD019C00631EF6 /* Info.plist */,
				25A2EB2122F1139D004682E9 /* GoogleService-Info.plist */,
				C06B57E822DD019C00631EF6 /* main.m */,
				7194AA1822EA0A8000949669 /* happyLhama.gif */,
				7194AA1622EA0A7500949669 /* partyLhama.gif */,
				7194AA1422EA0A6A00949669 /* sickLhama.gif */,
				7194AA1222EA01B600949669 /* random_50fpsgif.gif */,
			);
			path = "Travel Scheduler";
			sourceTree = "<group>";
		};
		C06B57F122DD019C00631EF6 /* Travel SchedulerTests */ = {
			isa = PBXGroup;
			children = (
				C06B57F222DD019D00631EF6 /* Travel_SchedulerTests.m */,
				C06B57F422DD019D00631EF6 /* Info.plist */,
			);
			path = "Travel SchedulerTests";
			sourceTree = "<group>";
		};
		C06B57FC22DD019D00631EF6 /* Travel SchedulerUITests */ = {
			isa = PBXGroup;
			children = (
				C06B57FD22DD019D00631EF6 /* Travel_SchedulerUITests.m */,
				C06B57FF22DD019D00631EF6 /* Info.plist */,
			);
			path = "Travel SchedulerUITests";
			sourceTree = "<group>";
		};
		C06B581A22DE6F0B00631EF6 /* View Controllers */ = {
			isa = PBXGroup;
			children = (
				257D2D8D22DFCF1100694AC0 /* HomeCollectionViewController.h */,
				257D2D8E22DFCF1100694AC0 /* HomeCollectionViewController.m */,
				C06B582022DE7C2500631EF6 /* MoreOptionViewController.h */,
				C06B582122DE7C2500631EF6 /* MoreOptionViewController.m */,
				7115099C22DEA0C900256219 /* DetailsViewController.h */,
				7115099D22DEA0C900256219 /* DetailsViewController.m */,
				C03595F122E0D6E300D883A4 /* ScheduleViewController.h */,
				C03595F222E0D6E300D883A4 /* ScheduleViewController.m */,
				257D2D9022DFD4EA00694AC0 /* FirstScreenViewController.h */,
				257D2D9122DFD4EA00694AC0 /* FirstScreenViewController.m */,
				C041D29322ED09980038CA18 /* EditPlaceViewController.h */,
				C041D29422ED09980038CA18 /* EditPlaceViewController.m */,
				2525BC1222EFBE7B008FDF96 /* MapViewController.h */,
				2525BC1322EFBE7B008FDF96 /* MapViewController.m */,
			);
			path = "View Controllers";
			sourceTree = "<group>";
		};
		C06B581B22DE6F1500631EF6 /* Views */ = {
			isa = PBXGroup;
			children = (
				257D2D7E22DE842A00694AC0 /* PlacesToVisitTableViewCell.h */,
				257D2D7F22DE842A00694AC0 /* PlacesToVisitTableViewCell.m */,
				C06B582322DE7EA800631EF6 /* AttractionCollectionCell.h */,
				C06B582422DE7EA800631EF6 /* AttractionCollectionCell.m */,
				C0A86D6022DF940800FAFAD1 /* DetailHeaderCell.h */,
				C0A86D6122DF940800FAFAD1 /* DetailHeaderCell.m */,
				C08AA6C722E1272500072042 /* DateCell.h */,
				C08AA6C822E1272500072042 /* DateCell.m */,
				257D2D9922E67FE600694AC0 /* SlideMenuTableViewCell.h */,
				257D2D9A22E67FE600694AC0 /* SlideMenuTableViewCell.m */,
				257D2D9C22E6810A00694AC0 /* SlideMenuUIView.h */,
				257D2D9D22E6810A00694AC0 /* SlideMenuUIView.m */,
				C0BBF31B22E78FEE00EE14D2 /* PlaceView.h */,
				C0BBF31C22E78FEE00EE14D2 /* PlaceView.m */,
				2525BC0F22EA39DA008FDF96 /* AutocompleteTableViewCell.h */,
				2525BC1022EA39DA008FDF96 /* AutocompleteTableViewCell.m */,
				C041D29022ED04070038CA18 /* MoveCircleView.h */,
				C041D29122ED04070038CA18 /* MoveCircleView.m */,
				C041D29622ED09C50038CA18 /* EditCell.h */,
				C041D29722ED09C50038CA18 /* EditCell.m */,
				7105E0B222ECA5FA00070DDC /* CommentsCell.h */,
				7105E0B322ECA5FA00070DDC /* CommentsCell.m */,
			);
			path = Views;
			sourceTree = "<group>";
		};
		C06B581C22DE6F1C00631EF6 /* Models */ = {
			isa = PBXGroup;
			children = (
				7115099F22DEA5E300256219 /* Place.h */,
				711509A022DEA5E300256219 /* Place.m */,
				71258F1122E25DFA00B0CEA0 /* Schedule.h */,
				71258F1222E25DFA00B0CEA0 /* Schedule.m */,
				71258F1422E396FF00B0CEA0 /* Commute.h */,
				71258F1522E396FF00B0CEA0 /* Commute.m */,
				71258F1722E3A47C00B0CEA0 /* Step.h */,
				71258F1822E3A47C00B0CEA0 /* Step.m */,
				7194AA0922E9284400949669 /* MBProgressHUD.h */,
				7194AA0A22E9287500949669 /* MDProgressHUD.m */,
				7194AA0F22E9353A00949669 /* PlacesToVisitCollectionView.h */,
				7194AA1022E9353A00949669 /* PlacesToVisitCollectionView.m */,
				7105E06222EB956C00070DDC /* InfiniteScrollActivityView.h */,
				7105E06322EB956C00070DDC /* InfiniteScrollActivityView.m */,
			);
			path = Models;
			sourceTree = "<group>";
		};
/* End PBXGroup section */

/* Begin PBXNativeTarget section */
		C06B57D522DD019C00631EF6 /* Travel Scheduler */ = {
			isa = PBXNativeTarget;
			buildConfigurationList = C06B580222DD019D00631EF6 /* Build configuration list for PBXNativeTarget "Travel Scheduler" */;
			buildPhases = (
				C06B57D222DD019C00631EF6 /* Sources */,
				C06B57D322DD019C00631EF6 /* Frameworks */,
				C06B57D422DD019C00631EF6 /* Resources */,
				2525BC1622EFCE41008FDF96 /* Run Script */,
			);
			buildRules = (
			);
			dependencies = (
			);
			name = "Travel Scheduler";
			productName = "Travel Scheduler";
			productReference = C06B57D622DD019C00631EF6 /* Travel Scheduler.app */;
			productType = "com.apple.product-type.application";
		};
		C06B57ED22DD019C00631EF6 /* Travel SchedulerTests */ = {
			isa = PBXNativeTarget;
			buildConfigurationList = C06B580522DD019D00631EF6 /* Build configuration list for PBXNativeTarget "Travel SchedulerTests" */;
			buildPhases = (
				C06B57EA22DD019C00631EF6 /* Sources */,
				C06B57EB22DD019C00631EF6 /* Frameworks */,
				C06B57EC22DD019C00631EF6 /* Resources */,
			);
			buildRules = (
			);
			dependencies = (
				C06B57F022DD019C00631EF6 /* PBXTargetDependency */,
			);
			name = "Travel SchedulerTests";
			productName = "Travel SchedulerTests";
			productReference = C06B57EE22DD019C00631EF6 /* Travel SchedulerTests.xctest */;
			productType = "com.apple.product-type.bundle.unit-test";
		};
		C06B57F822DD019D00631EF6 /* Travel SchedulerUITests */ = {
			isa = PBXNativeTarget;
			buildConfigurationList = C06B580822DD019D00631EF6 /* Build configuration list for PBXNativeTarget "Travel SchedulerUITests" */;
			buildPhases = (
				C06B57F522DD019D00631EF6 /* Sources */,
				C06B57F622DD019D00631EF6 /* Frameworks */,
				C06B57F722DD019D00631EF6 /* Resources */,
			);
			buildRules = (
			);
			dependencies = (
				C06B57FB22DD019D00631EF6 /* PBXTargetDependency */,
			);
			name = "Travel SchedulerUITests";
			productName = "Travel SchedulerUITests";
			productReference = C06B57F922DD019D00631EF6 /* Travel SchedulerUITests.xctest */;
			productType = "com.apple.product-type.bundle.ui-testing";
		};
/* End PBXNativeTarget section */

/* Begin PBXProject section */
		C06B57CE22DD019C00631EF6 /* Project object */ = {
			isa = PBXProject;
			attributes = {
				LastUpgradeCheck = 1030;
				ORGANIZATIONNAME = aliu18;
				TargetAttributes = {
					C06B57D522DD019C00631EF6 = {
						CreatedOnToolsVersion = 10.2.1;
					};
					C06B57ED22DD019C00631EF6 = {
						CreatedOnToolsVersion = 10.2.1;
						TestTargetID = C06B57D522DD019C00631EF6;
					};
					C06B57F822DD019D00631EF6 = {
						CreatedOnToolsVersion = 10.2.1;
						TestTargetID = C06B57D522DD019C00631EF6;
					};
				};
			};
			buildConfigurationList = C06B57D122DD019C00631EF6 /* Build configuration list for PBXProject "Travel Scheduler" */;
			compatibilityVersion = "Xcode 9.3";
			developmentRegion = en;
			hasScannedForEncodings = 0;
			knownRegions = (
				en,
				Base,
			);
			mainGroup = C06B57CD22DD019C00631EF6;
			productRefGroup = C06B57D722DD019C00631EF6 /* Products */;
			projectDirPath = "";
			projectRoot = "";
			targets = (
				C06B57D522DD019C00631EF6 /* Travel Scheduler */,
				C06B57ED22DD019C00631EF6 /* Travel SchedulerTests */,
				C06B57F822DD019D00631EF6 /* Travel SchedulerUITests */,
			);
		};
/* End PBXProject section */

/* Begin PBXResourcesBuildPhase section */
		C06B57D422DD019C00631EF6 /* Resources */ = {
			isa = PBXResourcesBuildPhase;
			buildActionMask = 2147483647;
			files = (
				C027E49522EF63D700583555 /* Gotham-XLight.otf in Resources */,
				C027E49C22EF63D700583555 /* Gotham-Black.otf in Resources */,
				25A2EB2222F1139D004682E9 /* GoogleService-Info.plist in Resources */,
				C027E49422EF63D700583555 /* Gotham-Bold.otf in Resources */,
				7194AA1322EA01B600949669 /* random_50fpsgif.gif in Resources */,
				7194AA1922EA0A8000949669 /* happyLhama.gif in Resources */,
				C027E49822EF63D700583555 /* Gotham-Light.otf in Resources */,
				C027E49B22EF63D700583555 /* Gotham-BookItalic.otf in Resources */,
				7194AA1722EA0A7500949669 /* partyLhama.gif in Resources */,
				C027E49722EF63D700583555 /* Gotham-XLightItalic.otf in Resources */,
				7194AA1522EA0A6A00949669 /* sickLhama.gif in Resources */,
				C027E49622EF63D700583555 /* Gotham-Thin.otf in Resources */,
				C027E49922EF63D700583555 /* Gotham-UltraItalic.otf in Resources */,
				C027E49A22EF63D700583555 /* Gotham-ThinItalic.otf in Resources */,
				C06B57E322DD019C00631EF6 /* Assets.xcassets in Resources */,
			);
			runOnlyForDeploymentPostprocessing = 0;
		};
		C06B57EC22DD019C00631EF6 /* Resources */ = {
			isa = PBXResourcesBuildPhase;
			buildActionMask = 2147483647;
			files = (
			);
			runOnlyForDeploymentPostprocessing = 0;
		};
		C06B57F722DD019D00631EF6 /* Resources */ = {
			isa = PBXResourcesBuildPhase;
			buildActionMask = 2147483647;
			files = (
			);
			runOnlyForDeploymentPostprocessing = 0;
		};
/* End PBXResourcesBuildPhase section */

/* Begin PBXShellScriptBuildPhase section */
		2525BC1622EFCE41008FDF96 /* Run Script */ = {
			isa = PBXShellScriptBuildPhase;
			buildActionMask = 12;
			files = (
			);
			inputFileListPaths = (
			);
			inputPaths = (
			);
			name = "Run Script";
			outputFileListPaths = (
			);
			outputPaths = (
			);
			runOnlyForDeploymentPostprocessing = 0;
			shellPath = /bin/sh;
			shellScript = "bash \"${BUILT_PRODUCTS_DIR}/${FRAMEWORKS_FOLDER_PATH}/Mapbox.framework/strip-frameworks.sh\"\n\n";
		};
/* End PBXShellScriptBuildPhase section */

/* Begin PBXSourcesBuildPhase section */
		C06B57D222DD019C00631EF6 /* Sources */ = {
			isa = PBXSourcesBuildPhase;
			buildActionMask = 2147483647;
			files = (
				71258F0F22E124AA00B0CEA0 /* NSArray+Map.m in Sources */,
				7105E0B422ECA5FA00070DDC /* CommentsCell.m in Sources */,
				C06B581622DE30C500631EF6 /* APIManager.m in Sources */,
				C03595F022E036C100D883A4 /* TravelSchedulerHelper.m in Sources */,
				257D2D9E22E6810A00694AC0 /* SlideMenuUIView.m in Sources */,
				C041D29522ED09980038CA18 /* EditPlaceViewController.m in Sources */,
				71258F1322E25DFA00B0CEA0 /* Schedule.m in Sources */,
				C06B582222DE7C2500631EF6 /* MoreOptionViewController.m in Sources */,
				C06B57E922DD019C00631EF6 /* main.m in Sources */,
				257D2D9222DFD4EA00694AC0 /* FirstScreenViewController.m in Sources */,
				71258F1C22E6260800B0CEA0 /* Date.m in Sources */,
				C0A86D6222DF940800FAFAD1 /* DetailHeaderCell.m in Sources */,
				C041D29822ED09C50038CA18 /* EditCell.m in Sources */,
				C06B57DB22DD019C00631EF6 /* AppDelegate.m in Sources */,
				257D2D8F22DFCF1100694AC0 /* HomeCollectionViewController.m in Sources */,
				C0BBF31D22E78FEE00EE14D2 /* PlaceView.m in Sources */,
				25A2EB2322F21ACF004682E9 /* BDBOAuth1SessionManager+SFAuthenticationSession.m in Sources */,
				2525BC1122EA39DA008FDF96 /* AutocompleteTableViewCell.m in Sources */,
				257D2D9B22E67FE600694AC0 /* SlideMenuTableViewCell.m in Sources */,
				257D2D8022DE842A00694AC0 /* PlacesToVisitTableViewCell.m in Sources */,
				71258F1922E3A47C00B0CEA0 /* Step.m in Sources */,
				7115099B22DE923E00256219 /* APITesting.m in Sources */,
				C06B582522DE7EA800631EF6 /* AttractionCollectionCell.m in Sources */,
				711509A122DEA5E300256219 /* Place.m in Sources */,
				71258F0722DF867B00B0CEA0 /* placeObjectTesting.m in Sources */,
				7105E06422EB956C00070DDC /* InfiniteScrollActivityView.m in Sources */,
				C08AA6C922E1272500072042 /* DateCell.m in Sources */,
				2525BC1422EFBE7B008FDF96 /* MapViewController.m in Sources */,
				71258F1622E396FF00B0CEA0 /* Commute.m in Sources */,
				7194AA0B22E9287500949669 /* MDProgressHUD.m in Sources */,
				7115099E22DEA0C900256219 /* DetailsViewController.m in Sources */,
				C041D29222ED04070038CA18 /* MoveCircleView.m in Sources */,
				C03595F322E0D6E300D883A4 /* ScheduleViewController.m in Sources */,
				7194AA1122E9353A00949669 /* PlacesToVisitCollectionView.m in Sources */,
			);
			runOnlyForDeploymentPostprocessing = 0;
		};
		C06B57EA22DD019C00631EF6 /* Sources */ = {
			isa = PBXSourcesBuildPhase;
			buildActionMask = 2147483647;
			files = (
				C06B57F322DD019D00631EF6 /* Travel_SchedulerTests.m in Sources */,
			);
			runOnlyForDeploymentPostprocessing = 0;
		};
		C06B57F522DD019D00631EF6 /* Sources */ = {
			isa = PBXSourcesBuildPhase;
			buildActionMask = 2147483647;
			files = (
				C06B57FE22DD019D00631EF6 /* Travel_SchedulerUITests.m in Sources */,
			);
			runOnlyForDeploymentPostprocessing = 0;
		};
/* End PBXSourcesBuildPhase section */

/* Begin PBXTargetDependency section */
		C06B57F022DD019C00631EF6 /* PBXTargetDependency */ = {
			isa = PBXTargetDependency;
			target = C06B57D522DD019C00631EF6 /* Travel Scheduler */;
			targetProxy = C06B57EF22DD019C00631EF6 /* PBXContainerItemProxy */;
		};
		C06B57FB22DD019D00631EF6 /* PBXTargetDependency */ = {
			isa = PBXTargetDependency;
			target = C06B57D522DD019C00631EF6 /* Travel Scheduler */;
			targetProxy = C06B57FA22DD019D00631EF6 /* PBXContainerItemProxy */;
		};
/* End PBXTargetDependency section */

/* Begin XCBuildConfiguration section */
		C06B580022DD019D00631EF6 /* Debug */ = {
			isa = XCBuildConfiguration;
			buildSettings = {
				ALWAYS_SEARCH_USER_PATHS = NO;
				CLANG_ANALYZER_NONNULL = YES;
				CLANG_ANALYZER_NUMBER_OBJECT_CONVERSION = YES_AGGRESSIVE;
				CLANG_CXX_LANGUAGE_STANDARD = "gnu++14";
				CLANG_CXX_LIBRARY = "libc++";
				CLANG_ENABLE_MODULES = YES;
				CLANG_ENABLE_OBJC_ARC = YES;
				CLANG_ENABLE_OBJC_WEAK = YES;
				CLANG_WARN_BLOCK_CAPTURE_AUTORELEASING = YES;
				CLANG_WARN_BOOL_CONVERSION = YES;
				CLANG_WARN_COMMA = YES;
				CLANG_WARN_CONSTANT_CONVERSION = YES;
				CLANG_WARN_DEPRECATED_OBJC_IMPLEMENTATIONS = YES;
				CLANG_WARN_DIRECT_OBJC_ISA_USAGE = YES_ERROR;
				CLANG_WARN_DOCUMENTATION_COMMENTS = YES;
				CLANG_WARN_EMPTY_BODY = YES;
				CLANG_WARN_ENUM_CONVERSION = YES;
				CLANG_WARN_INFINITE_RECURSION = YES;
				CLANG_WARN_INT_CONVERSION = YES;
				CLANG_WARN_NON_LITERAL_NULL_CONVERSION = YES;
				CLANG_WARN_OBJC_IMPLICIT_RETAIN_SELF = YES;
				CLANG_WARN_OBJC_LITERAL_CONVERSION = YES;
				CLANG_WARN_OBJC_ROOT_CLASS = YES_ERROR;
				CLANG_WARN_RANGE_LOOP_ANALYSIS = YES;
				CLANG_WARN_STRICT_PROTOTYPES = YES;
				CLANG_WARN_SUSPICIOUS_MOVE = YES;
				CLANG_WARN_UNGUARDED_AVAILABILITY = YES_AGGRESSIVE;
				CLANG_WARN_UNREACHABLE_CODE = YES;
				CLANG_WARN__DUPLICATE_METHOD_MATCH = YES;
				CODE_SIGN_IDENTITY = "iPhone Developer";
				COPY_PHASE_STRIP = NO;
				DEBUG_INFORMATION_FORMAT = dwarf;
				ENABLE_STRICT_OBJC_MSGSEND = YES;
				ENABLE_TESTABILITY = YES;
				GCC_C_LANGUAGE_STANDARD = gnu11;
				GCC_DYNAMIC_NO_PIC = NO;
				GCC_NO_COMMON_BLOCKS = YES;
				GCC_OPTIMIZATION_LEVEL = 0;
				GCC_PREPROCESSOR_DEFINITIONS = (
					"DEBUG=1",
					"$(inherited)",
				);
				GCC_WARN_64_TO_32_BIT_CONVERSION = YES;
				GCC_WARN_ABOUT_RETURN_TYPE = YES_ERROR;
				GCC_WARN_UNDECLARED_SELECTOR = YES;
				GCC_WARN_UNINITIALIZED_AUTOS = YES_AGGRESSIVE;
				GCC_WARN_UNUSED_FUNCTION = YES;
				GCC_WARN_UNUSED_VARIABLE = YES;
				IPHONEOS_DEPLOYMENT_TARGET = 12.2;
				MTL_ENABLE_DEBUG_INFO = INCLUDE_SOURCE;
				MTL_FAST_MATH = YES;
				ONLY_ACTIVE_ARCH = YES;
				SDKROOT = iphoneos;
			};
			name = Debug;
		};
		C06B580122DD019D00631EF6 /* Release */ = {
			isa = XCBuildConfiguration;
			buildSettings = {
				ALWAYS_SEARCH_USER_PATHS = NO;
				CLANG_ANALYZER_NONNULL = YES;
				CLANG_ANALYZER_NUMBER_OBJECT_CONVERSION = YES_AGGRESSIVE;
				CLANG_CXX_LANGUAGE_STANDARD = "gnu++14";
				CLANG_CXX_LIBRARY = "libc++";
				CLANG_ENABLE_MODULES = YES;
				CLANG_ENABLE_OBJC_ARC = YES;
				CLANG_ENABLE_OBJC_WEAK = YES;
				CLANG_WARN_BLOCK_CAPTURE_AUTORELEASING = YES;
				CLANG_WARN_BOOL_CONVERSION = YES;
				CLANG_WARN_COMMA = YES;
				CLANG_WARN_CONSTANT_CONVERSION = YES;
				CLANG_WARN_DEPRECATED_OBJC_IMPLEMENTATIONS = YES;
				CLANG_WARN_DIRECT_OBJC_ISA_USAGE = YES_ERROR;
				CLANG_WARN_DOCUMENTATION_COMMENTS = YES;
				CLANG_WARN_EMPTY_BODY = YES;
				CLANG_WARN_ENUM_CONVERSION = YES;
				CLANG_WARN_INFINITE_RECURSION = YES;
				CLANG_WARN_INT_CONVERSION = YES;
				CLANG_WARN_NON_LITERAL_NULL_CONVERSION = YES;
				CLANG_WARN_OBJC_IMPLICIT_RETAIN_SELF = YES;
				CLANG_WARN_OBJC_LITERAL_CONVERSION = YES;
				CLANG_WARN_OBJC_ROOT_CLASS = YES_ERROR;
				CLANG_WARN_RANGE_LOOP_ANALYSIS = YES;
				CLANG_WARN_STRICT_PROTOTYPES = YES;
				CLANG_WARN_SUSPICIOUS_MOVE = YES;
				CLANG_WARN_UNGUARDED_AVAILABILITY = YES_AGGRESSIVE;
				CLANG_WARN_UNREACHABLE_CODE = YES;
				CLANG_WARN__DUPLICATE_METHOD_MATCH = YES;
				CODE_SIGN_IDENTITY = "iPhone Developer";
				COPY_PHASE_STRIP = NO;
				DEBUG_INFORMATION_FORMAT = "dwarf-with-dsym";
				ENABLE_NS_ASSERTIONS = NO;
				ENABLE_STRICT_OBJC_MSGSEND = YES;
				GCC_C_LANGUAGE_STANDARD = gnu11;
				GCC_NO_COMMON_BLOCKS = YES;
				GCC_WARN_64_TO_32_BIT_CONVERSION = YES;
				GCC_WARN_ABOUT_RETURN_TYPE = YES_ERROR;
				GCC_WARN_UNDECLARED_SELECTOR = YES;
				GCC_WARN_UNINITIALIZED_AUTOS = YES_AGGRESSIVE;
				GCC_WARN_UNUSED_FUNCTION = YES;
				GCC_WARN_UNUSED_VARIABLE = YES;
				IPHONEOS_DEPLOYMENT_TARGET = 12.2;
				MTL_ENABLE_DEBUG_INFO = NO;
				MTL_FAST_MATH = YES;
				SDKROOT = iphoneos;
				VALIDATE_PRODUCT = YES;
			};
			name = Release;
		};
		C06B580322DD019D00631EF6 /* Debug */ = {
			isa = XCBuildConfiguration;
			buildSettings = {
				ASSETCATALOG_COMPILER_APPICON_NAME = AppIcon;
				CODE_SIGN_STYLE = Automatic;
				DEVELOPMENT_TEAM = 8937TFGS4F;
				INFOPLIST_FILE = "Travel Scheduler/Info.plist";
				LD_RUNPATH_SEARCH_PATHS = (
					"$(inherited)",
					"@executable_path/Frameworks",
				);
				PRODUCT_BUNDLE_IDENTIFIER = "com.lqdlyg.Travel-Scheduler1";
				PRODUCT_NAME = "$(TARGET_NAME)";
				TARGETED_DEVICE_FAMILY = "1,2";
			};
			name = Debug;
		};
		C06B580422DD019D00631EF6 /* Release */ = {
			isa = XCBuildConfiguration;
			buildSettings = {
				ASSETCATALOG_COMPILER_APPICON_NAME = AppIcon;
				CODE_SIGN_STYLE = Automatic;
				DEVELOPMENT_TEAM = 8937TFGS4F;
				INFOPLIST_FILE = "Travel Scheduler/Info.plist";
				LD_RUNPATH_SEARCH_PATHS = (
					"$(inherited)",
					"@executable_path/Frameworks",
				);
				PRODUCT_BUNDLE_IDENTIFIER = "com.lqdlyg.Travel-Scheduler1";
				PRODUCT_NAME = "$(TARGET_NAME)";
				TARGETED_DEVICE_FAMILY = "1,2";
			};
			name = Release;
		};
		C06B580622DD019D00631EF6 /* Debug */ = {
			isa = XCBuildConfiguration;
			buildSettings = {
				BUNDLE_LOADER = "$(TEST_HOST)";
				CODE_SIGN_STYLE = Automatic;
				DEVELOPMENT_TEAM = 8937TFGS4F;
				INFOPLIST_FILE = "Travel SchedulerTests/Info.plist";
				LD_RUNPATH_SEARCH_PATHS = (
					"$(inherited)",
					"@executable_path/Frameworks",
					"@loader_path/Frameworks",
				);
				PRODUCT_BUNDLE_IDENTIFIER = "com.lqdlyg.Travel-SchedulerTests";
				PRODUCT_NAME = "$(TARGET_NAME)";
				TARGETED_DEVICE_FAMILY = "1,2";
				TEST_HOST = "$(BUILT_PRODUCTS_DIR)/Travel Scheduler.app/Travel Scheduler";
			};
			name = Debug;
		};
		C06B580722DD019D00631EF6 /* Release */ = {
			isa = XCBuildConfiguration;
			buildSettings = {
				BUNDLE_LOADER = "$(TEST_HOST)";
				CODE_SIGN_STYLE = Automatic;
				DEVELOPMENT_TEAM = 8937TFGS4F;
				INFOPLIST_FILE = "Travel SchedulerTests/Info.plist";
				LD_RUNPATH_SEARCH_PATHS = (
					"$(inherited)",
					"@executable_path/Frameworks",
					"@loader_path/Frameworks",
				);
				PRODUCT_BUNDLE_IDENTIFIER = "com.lqdlyg.Travel-SchedulerTests";
				PRODUCT_NAME = "$(TARGET_NAME)";
				TARGETED_DEVICE_FAMILY = "1,2";
				TEST_HOST = "$(BUILT_PRODUCTS_DIR)/Travel Scheduler.app/Travel Scheduler";
			};
			name = Release;
		};
		C06B580922DD019D00631EF6 /* Debug */ = {
			isa = XCBuildConfiguration;
			buildSettings = {
				CODE_SIGN_STYLE = Automatic;
				DEVELOPMENT_TEAM = 8937TFGS4F;
				INFOPLIST_FILE = "Travel SchedulerUITests/Info.plist";
				LD_RUNPATH_SEARCH_PATHS = (
					"$(inherited)",
					"@executable_path/Frameworks",
					"@loader_path/Frameworks",
				);
				PRODUCT_BUNDLE_IDENTIFIER = "com.lqdlyg.Travel-SchedulerUITests";
				PRODUCT_NAME = "$(TARGET_NAME)";
				TARGETED_DEVICE_FAMILY = "1,2";
				TEST_TARGET_NAME = "Travel Scheduler";
			};
			name = Debug;
		};
		C06B580A22DD019D00631EF6 /* Release */ = {
			isa = XCBuildConfiguration;
			buildSettings = {
				CODE_SIGN_STYLE = Automatic;
				DEVELOPMENT_TEAM = 8937TFGS4F;
				INFOPLIST_FILE = "Travel SchedulerUITests/Info.plist";
				LD_RUNPATH_SEARCH_PATHS = (
					"$(inherited)",
					"@executable_path/Frameworks",
					"@loader_path/Frameworks",
				);
				PRODUCT_BUNDLE_IDENTIFIER = "com.lqdlyg.Travel-SchedulerUITests";
				PRODUCT_NAME = "$(TARGET_NAME)";
				TARGETED_DEVICE_FAMILY = "1,2";
				TEST_TARGET_NAME = "Travel Scheduler";
			};
			name = Release;
		};
/* End XCBuildConfiguration section */

/* Begin XCConfigurationList section */
		C06B57D122DD019C00631EF6 /* Build configuration list for PBXProject "Travel Scheduler" */ = {
			isa = XCConfigurationList;
			buildConfigurations = (
				C06B580022DD019D00631EF6 /* Debug */,
				C06B580122DD019D00631EF6 /* Release */,
			);
			defaultConfigurationIsVisible = 0;
			defaultConfigurationName = Release;
		};
		C06B580222DD019D00631EF6 /* Build configuration list for PBXNativeTarget "Travel Scheduler" */ = {
			isa = XCConfigurationList;
			buildConfigurations = (
				C06B580322DD019D00631EF6 /* Debug */,
				C06B580422DD019D00631EF6 /* Release */,
			);
			defaultConfigurationIsVisible = 0;
			defaultConfigurationName = Release;
		};
		C06B580522DD019D00631EF6 /* Build configuration list for PBXNativeTarget "Travel SchedulerTests" */ = {
			isa = XCConfigurationList;
			buildConfigurations = (
				C06B580622DD019D00631EF6 /* Debug */,
				C06B580722DD019D00631EF6 /* Release */,
			);
			defaultConfigurationIsVisible = 0;
			defaultConfigurationName = Release;
		};
		C06B580822DD019D00631EF6 /* Build configuration list for PBXNativeTarget "Travel SchedulerUITests" */ = {
			isa = XCConfigurationList;
			buildConfigurations = (
				C06B580922DD019D00631EF6 /* Debug */,
				C06B580A22DD019D00631EF6 /* Release */,
			);
			defaultConfigurationIsVisible = 0;
			defaultConfigurationName = Release;
		};
/* End XCConfigurationList section */
	};
	rootObject = C06B57CE22DD019C00631EF6 /* Project object */;
}
